
Microsoft Visual Studio Solution File, Format Version 12.00
# Visual Studio Version 16
VisualStudioVersion = 16.0.31424.327
MinimumVisualStudioVersion = 10.0.40219.1
Project("{FAE04EC0-301F-11D3-BF4B-00C04F79EFBC}") = "Personas", "Personas\Personas.csproj", "{C60D730D-1FC2-40E3-8F20-4AB41041311F}"
EndProject
Global
	GlobalSection(SolutionConfigurationPlatforms) = preSolution
		Debug|Any CPU = Debug|Any CPU
		Release|Any CPU = Release|Any CPU
	EndGlobalSection
	GlobalSection(ProjectConfigurationPlatforms) = postSolution
		{C60D730D-1FC2-40E3-8F20-4AB41041311F}.Debug|Any CPU.ActiveCfg = Debug|Any CPU
		{C60D730D-1FC2-40E3-8F20-4AB41041311F}.Debug|Any CPU.Build.0 = Debug|Any CPU
		{C60D730D-1FC2-40E3-8F20-4AB41041311F}.Release|Any CPU.ActiveCfg = Release|Any CPU
		{C60D730D-1FC2-40E3-8F20-4AB41041311F}.Release|Any CPU.Build.0 = Release|Any CPU
	EndGlobalSection
	GlobalSection(SolutionProperties) = preSolution
		HideSolutionNode = FALSE
	EndGlobalSection
	GlobalSection(ExtensibilityGlobals) = postSolution
		SolutionGuid = {3666D1CB-B419-42DC-BEA2-FE2FC816B31D}
	EndGlobalSection
EndGlobal
